
Microsoft Visual Studio Solution File, Format Version 12.00
# Visual Studio Version 17
VisualStudioVersion = 17.11.35327.3
MinimumVisualStudioVersion = 10.0.40219.1
Project("{FAE04EC0-301F-11D3-BF4B-00C04F79EFBC}") = "Do_An_WinForm", "Do_An_WinForm\Do_An_WinForm.csproj", "{40E0A307-75DF-4776-A4DC-426EE77AE615}"
EndProject
Global
	GlobalSection(SolutionConfigurationPlatforms) = preSolution
		Debug|Any CPU = Debug|Any CPU
		Release|Any CPU = Release|Any CPU
	EndGlobalSection
	GlobalSection(ProjectConfigurationPlatforms) = postSolution
		{40E0A307-75DF-4776-A4DC-426EE77AE615}.Debug|Any CPU.ActiveCfg = Debug|Any CPU
		{40E0A307-75DF-4776-A4DC-426EE77AE615}.Debug|Any CPU.Build.0 = Debug|Any CPU
		{40E0A307-75DF-4776-A4DC-426EE77AE615}.Release|Any CPU.ActiveCfg = Release|Any CPU
		{40E0A307-75DF-4776-A4DC-426EE77AE615}.Release|Any CPU.Build.0 = Release|Any CPU
	EndGlobalSection
	GlobalSection(SolutionProperties) = preSolution
		HideSolutionNode = FALSE
	EndGlobalSection
	GlobalSection(ExtensibilityGlobals) = postSolution
		SolutionGuid = {A3886A31-B910-4DA3-B3B7-D307823154ED}
	EndGlobalSection
EndGlobal
